
Microsoft Visual Studio Solution File, Format Version 12.00
# Visual Studio Version 17
VisualStudioVersion = 17.14.36310.24
MinimumVisualStudioVersion = 10.0.40219.1
Project("{FAE04EC0-301F-11D3-BF4B-00C04F79EFBC}") = "Veterinaria", "Veterinaria.csproj", "{B4065042-F3CE-45F5-9760-F2485CC03FED}"
EndProject
Global
	GlobalSection(SolutionConfigurationPlatforms) = preSolution
		Debug|Any CPU = Debug|Any CPU
		Release|Any CPU = Release|Any CPU
	EndGlobalSection
	GlobalSection(ProjectConfigurationPlatforms) = postSolution
		{B4065042-F3CE-45F5-9760-F2485CC03FED}.Debug|Any CPU.ActiveCfg = Debug|Any CPU
		{B4065042-F3CE-45F5-9760-F2485CC03FED}.Debug|Any CPU.Build.0 = Debug|Any CPU
		{B4065042-F3CE-45F5-9760-F2485CC03FED}.Release|Any CPU.ActiveCfg = Release|Any CPU
		{B4065042-F3CE-45F5-9760-F2485CC03FED}.Release|Any CPU.Build.0 = Release|Any CPU
	EndGlobalSection
	GlobalSection(SolutionProperties) = preSolution
		HideSolutionNode = FALSE
	EndGlobalSection
	GlobalSection(ExtensibilityGlobals) = postSolution
		SolutionGuid = {CD559132-D1BF-484B-B5CE-AF2036EEDF83}
	EndGlobalSection
EndGlobal
